
Microsoft Visual Studio Solution File, Format Version 12.00
Project("{2150E333-8FDC-42A3-9474-1A3956D46DE8}") = "src", "src", "{9413CC6F-485E-4E07-851D-5C3CCB402393}"
EndProject
Project("{2150E333-8FDC-42A3-9474-1A3956D46DE8}") = "test", "test", "{C882BE14-8067-4DB7-9E00-CBDDCBB980F0}"
EndProject
Project("{FAE04EC0-301F-11D3-BF4B-00C04F79EFBC}") = "QKP.EzId.Tests", "test\QKP.EzId.Tests\QKP.EzId.Tests.csproj", "{8933FDCE-88D8-4CCE-B967-54DCDAA08DF5}"
EndProject
Project("{FAE04EC0-301F-11D3-BF4B-00C04F79EFBC}") = "QKP.EzId", "src\QKP.EzId\QKP.EzId.csproj", "{A56A39A5-4787-42FA-987B-CD3F97E3835F}"
EndProject
Project("{2150E333-8FDC-42A3-9474-1A3956D46DE8}") = "Solution", "Solution", "{E891878A-998D-452B-9E2F-DF8933E9F8B5}"
	ProjectSection(SolutionItems) = preProject
		.editorconfig = .editorconfig
		GitVersion.yml = GitVersion.yml
		LICENSE = LICENSE
		README.md = README.md
	EndProjectSection
EndProject
Project("{2150E333-8FDC-42A3-9474-1A3956D46DE8}") = "examples", "examples", "{9FA04897-CDE6-4A9D-A094-A4BC7D7DFB33}"
EndProject
Project("{FAE04EC0-301F-11D3-BF4B-00C04F79EFBC}") = "MinimalApi", "examples\MinimalApi\MinimalApi.csproj", "{0FF4DA73-AB97-438C-AD5F-9619254E3F41}"
EndProject
Global
	GlobalSection(SolutionConfigurationPlatforms) = preSolution
		Debug|Any CPU = Debug|Any CPU
		Release|Any CPU = Release|Any CPU
	EndGlobalSection
	GlobalSection(NestedProjects) = preSolution
		{8933FDCE-88D8-4CCE-B967-54DCDAA08DF5} = {C882BE14-8067-4DB7-9E00-CBDDCBB980F0}
		{A56A39A5-4787-42FA-987B-CD3F97E3835F} = {9413CC6F-485E-4E07-851D-5C3CCB402393}
		{0FF4DA73-AB97-438C-AD5F-9619254E3F41} = {9FA04897-CDE6-4A9D-A094-A4BC7D7DFB33}
	EndGlobalSection
	GlobalSection(ProjectConfigurationPlatforms) = postSolution
		{8933FDCE-88D8-4CCE-B967-54DCDAA08DF5}.Debug|Any CPU.ActiveCfg = Debug|Any CPU
		{8933FDCE-88D8-4CCE-B967-54DCDAA08DF5}.Debug|Any CPU.Build.0 = Debug|Any CPU
		{8933FDCE-88D8-4CCE-B967-54DCDAA08DF5}.Release|Any CPU.ActiveCfg = Release|Any CPU
		{8933FDCE-88D8-4CCE-B967-54DCDAA08DF5}.Release|Any CPU.Build.0 = Release|Any CPU
		{A56A39A5-4787-42FA-987B-CD3F97E3835F}.Debug|Any CPU.ActiveCfg = Debug|Any CPU
		{A56A39A5-4787-42FA-987B-CD3F97E3835F}.Debug|Any CPU.Build.0 = Debug|Any CPU
		{A56A39A5-4787-42FA-987B-CD3F97E3835F}.Release|Any CPU.ActiveCfg = Release|Any CPU
		{A56A39A5-4787-42FA-987B-CD3F97E3835F}.Release|Any CPU.Build.0 = Release|Any CPU
		{0FF4DA73-AB97-438C-AD5F-9619254E3F41}.Debug|Any CPU.ActiveCfg = Debug|Any CPU
		{0FF4DA73-AB97-438C-AD5F-9619254E3F41}.Debug|Any CPU.Build.0 = Debug|Any CPU
		{0FF4DA73-AB97-438C-AD5F-9619254E3F41}.Release|Any CPU.ActiveCfg = Release|Any CPU
		{0FF4DA73-AB97-438C-AD5F-9619254E3F41}.Release|Any CPU.Build.0 = Release|Any CPU
	EndGlobalSection
EndGlobal
